<?xml version="1.0" encoding="utf-8"?>
<Project ToolsVersion="18.0" xmlns="http://schemas.microsoft.com/developer/msbuild/2003">
  <ItemGroup>
    <ClCompile Include="C:\GitHub\q_mini_wasm_v2\q_mini_wasm_v2\core\qutrit_stabilizer.cpp">
      <Filter>Source Files</Filter>
    </ClCompile>
    <ClCompile Include="C:\GitHub\q_mini_wasm_v2\q_mini_wasm_v2\core\stabilizer\tableau.cpp">
      <Filter>Source Files</Filter>
    </ClCompile>
    <ClCompile Include="C:\GitHub\q_mini_wasm_v2\q_mini_wasm_v2\core\stabilizer\clifford_synthesis.cpp">
      <Filter>Source Files</Filter>
    </ClCompile>
    <ClCompile Include="C:\GitHub\q_mini_wasm_v2\q_mini_wasm_v2\core\steane\qutrit_steane.cpp">
      <Filter>Source Files</Filter>
    </ClCompile>
    <ClCompile Include="C:\GitHub\q_mini_wasm_v2\q_mini_wasm_v2\core\ingestion\absmean_quantizer.cpp">
      <Filter>Source Files</Filter>
    </ClCompile>
    <ClCompile Include="C:\GitHub\q_mini_wasm_v2\q_mini_wasm_v2\core\ingestion\clifford_shadow.cpp">
      <Filter>Source Files</Filter>
    </ClCompile>
    <ClCompile Include="C:\GitHub\q_mini_wasm_v2\q_mini_wasm_v2\core\learning\entropy_goodness.cpp">
      <Filter>Source Files</Filter>
    </ClCompile>
    <ClCompile Include="C:\GitHub\q_mini_wasm_v2\q_mini_wasm_v2\core\moe\router.cpp">
      <Filter>Source Files</Filter>
    </ClCompile>
    <ClCompile Include="C:\GitHub\q_mini_wasm_v2\q_mini_wasm_v2\core\learning\forward_forward.cpp">
      <Filter>Source Files</Filter>
    </ClCompile>
    <ClCompile Include="C:\GitHub\q_mini_wasm_v2\q_mini_wasm_v2\core\network.cpp">
      <Filter>Source Files</Filter>
    </ClCompile>
    <ClCompile Include="C:\GitHub\q_mini_wasm_v2\q_mini_wasm_v2\core\inference\geometric_context.cpp">
      <Filter>Source Files</Filter>
    </ClCompile>
    <ClCompile Include="C:\GitHub\q_mini_wasm_v2\q_mini_wasm_v2\core\inference\entanglement_token.cpp">
      <Filter>Source Files</Filter>
    </ClCompile>
    <ClCompile Include="C:\GitHub\q_mini_wasm_v2\q_mini_wasm_v2\core\inference\householder_synthesizer.cpp">
      <Filter>Source Files</Filter>
    </ClCompile>
    <ClCompile Include="C:\GitHub\q_mini_wasm_v2\q_mini_wasm_v2\core\inference\inference_pipeline.cpp">
      <Filter>Source Files</Filter>
    </ClCompile>
    <ClCompile Include="C:\GitHub\q_mini_wasm_v2\q_mini_wasm_v2\core\flash_cim\flash_cim.cpp">
      <Filter>Source Files</Filter>
    </ClCompile>
    <ClCompile Include="C:\GitHub\q_mini_wasm_v2\q_mini_wasm_v2\core\training\trainer_main.cpp">
      <Filter>Source Files</Filter>
    </ClCompile>
    <ClCompile Include="C:\GitHub\q_mini_wasm_v2\q_mini_wasm_v2\core\qgnn\graph_native.cpp">
      <Filter>Source Files</Filter>
    </ClCompile>
    <ClCompile Include="C:\GitHub\q_mini_wasm_v2\q_mini_wasm_v2\core\qgnn\graph_moe_router.cpp">
      <Filter>Source Files</Filter>
    </ClCompile>
    <ClCompile Include="C:\GitHub\q_mini_wasm_v2\q_mini_wasm_v2\core\qgnn\graph_migration_adapter.cpp">
      <Filter>Source Files</Filter>
    </ClCompile>
    <ClCompile Include="C:\GitHub\q_mini_wasm_v2\q_mini_wasm_v2\core\qgnn\zx_calculus.cpp">
      <Filter>Source Files</Filter>
    </ClCompile>
    <ClCompile Include="C:\GitHub\q_mini_wasm_v2\q_mini_wasm_v2\core\qgnn\error_correction.cpp">
      <Filter>Source Files</Filter>
    </ClCompile>
    <ClCompile Include="C:\GitHub\q_mini_wasm_v2\q_mini_wasm_v2\core\qgnn\message_passing.cpp">
      <Filter>Source Files</Filter>
    </ClCompile>
    <ClCompile Include="C:\GitHub\q_mini_wasm_v2\q_mini_wasm_v2\core\qgnn\ternary_tree.cpp">
      <Filter>Source Files</Filter>
    </ClCompile>
    <ClCompile Include="C:\GitHub\q_mini_wasm_v2\q_mini_wasm_v2\core\qgnn\betti_extractor.cpp">
      <Filter>Source Files</Filter>
    </ClCompile>
    <ClCompile Include="C:\GitHub\q_mini_wasm_v2\q_mini_wasm_v2\runtime\orchestrator.cpp">
      <Filter>Source Files</Filter>
    </ClCompile>
  </ItemGroup>
  <ItemGroup>
    <ClInclude Include="C:\GitHub\q_mini_wasm_v2\q_mini_wasm_v2\core\ternary\trit.hpp">
      <Filter>Header Files</Filter>
    </ClInclude>
    <ClInclude Include="C:\GitHub\q_mini_wasm_v2\q_mini_wasm_v2\core\qutrit_stabilizer.h">
      <Filter>Header Files</Filter>
    </ClInclude>
    <ClInclude Include="C:\GitHub\q_mini_wasm_v2\q_mini_wasm_v2\core\stabilizer\tableau.hpp">
      <Filter>Header Files</Filter>
    </ClInclude>
    <ClInclude Include="C:\GitHub\q_mini_wasm_v2\q_mini_wasm_v2\core\stabilizer\clifford_synthesis.hpp">
      <Filter>Header Files</Filter>
    </ClInclude>
    <ClInclude Include="C:\GitHub\q_mini_wasm_v2\q_mini_wasm_v2\core\steane\qutrit_steane.hpp">
      <Filter>Header Files</Filter>
    </ClInclude>
    <ClInclude Include="C:\GitHub\q_mini_wasm_v2\q_mini_wasm_v2\core\ingestion\absmean_quantizer.hpp">
      <Filter>Header Files</Filter>
    </ClInclude>
    <ClInclude Include="C:\GitHub\q_mini_wasm_v2\q_mini_wasm_v2\core\ingestion\clifford_shadow.hpp">
      <Filter>Header Files</Filter>
    </ClInclude>
    <ClInclude Include="C:\GitHub\q_mini_wasm_v2\q_mini_wasm_v2\core\learning\entropy_goodness.hpp">
      <Filter>Header Files</Filter>
    </ClInclude>
    <ClInclude Include="C:\GitHub\q_mini_wasm_v2\q_mini_wasm_v2\core\moe\router.hpp">
      <Filter>Header Files</Filter>
    </ClInclude>
    <ClInclude Include="C:\GitHub\q_mini_wasm_v2\q_mini_wasm_v2\core\learning\forward_forward.hpp">
      <Filter>Header Files</Filter>
    </ClInclude>
    <ClInclude Include="C:\GitHub\q_mini_wasm_v2\q_mini_wasm_v2\core\network.hpp">
      <Filter>Header Files</Filter>
    </ClInclude>
    <ClInclude Include="C:\GitHub\q_mini_wasm_v2\q_mini_wasm_v2\core\inference\geometric_context.hpp">
      <Filter>Header Files</Filter>
    </ClInclude>
    <ClInclude Include="C:\GitHub\q_mini_wasm_v2\q_mini_wasm_v2\core\inference\entanglement_token.hpp">
      <Filter>Header Files</Filter>
    </ClInclude>
    <ClInclude Include="C:\GitHub\q_mini_wasm_v2\q_mini_wasm_v2\core\inference\householder_synthesizer.hpp">
      <Filter>Header Files</Filter>
    </ClInclude>
    <ClInclude Include="C:\GitHub\q_mini_wasm_v2\q_mini_wasm_v2\core\inference\latency_profiler.hpp">
      <Filter>Header Files</Filter>
    </ClInclude>
    <ClInclude Include="C:\GitHub\q_mini_wasm_v2\q_mini_wasm_v2\core\inference\inference_pipeline.hpp">
      <Filter>Header Files</Filter>
    </ClInclude>
    <ClInclude Include="C:\GitHub\q_mini_wasm_v2\q_mini_wasm_v2\core\qgnn\graph_migration_adapter.hpp">
      <Filter>Header Files</Filter>
    </ClInclude>
    <ClInclude Include="C:\GitHub\q_mini_wasm_v2\q_mini_wasm_v2\core\qgnn\message_passing.hpp">
      <Filter>Header Files</Filter>
    </ClInclude>
    <ClInclude Include="C:\GitHub\q_mini_wasm_v2\q_mini_wasm_v2\core\qgnn\ternary_tree.hpp">
      <Filter>Header Files</Filter>
    </ClInclude>
    <ClInclude Include="C:\GitHub\q_mini_wasm_v2\q_mini_wasm_v2\core\qgnn\betti_extractor.hpp">
      <Filter>Header Files</Filter>
    </ClInclude>
    <ClInclude Include="C:\GitHub\q_mini_wasm_v2\q_mini_wasm_v2\runtime\orchestrator.hpp">
      <Filter>Header Files</Filter>
    </ClInclude>
  </ItemGroup>
  <ItemGroup>
    <CustomBuild Include="C:\GitHub\q_mini_wasm_v2\q_mini_wasm_v2\CMakeLists.txt" />
  </ItemGroup>
  <ItemGroup>
    <Filter Include="Header Files">
      <UniqueIdentifier>{C914729C-903E-3EFD-BDAD-78F969B136D4}</UniqueIdentifier>
    </Filter>
    <Filter Include="Source Files">
      <UniqueIdentifier>{B8387C62-F0C0-3DF9-AD67-725A795979F4}</UniqueIdentifier>
    </Filter>
  </ItemGroup>
</Project>
